{
  "name": "MD5Game",
  "lockfileVersion": 3,
  "requires": true,
  "packages": {
    "": {
      "name": "MD5Game",
      "dependencies": {
        "crypto-js": "^4.2.0",
        "minigame-api-typings": "^3.8.11",
        "miniprogram-api-typings": "^4.1.0"
      }
    },
    "node_modules/crypto-js": {
      "version": "4.2.0",
      "resolved": "https://registry.npmmirror.com/crypto-js/-/crypto-js-4.2.0.tgz",
      "integrity": "sha512-KALDyEYgpY+Rlob/iriUtjV6d5Eq+Y191A5g4UqLAi8CyGP9N1+FdVbkc1SxKc2r4YAYqG8JzO2KGL+AizD70Q==",
      "license": "MIT"
    },
    "node_modules/minigame-api-typings": {
      "version": "3.8.11",
      "resolved": "https://registry.npmjs.org/minigame-api-typings/-/minigame-api-typings-3.8.11.tgz",
      "integrity": "sha512-e3BnW0dCyOoVwABCmKJjjfCofLyaYq8u0CSDOcAct1YsVoBf03ZOAIHT240HGJKrUETKObCPcJFYd2+J4OgTEA==",
      "license": "MIT"
    },
    "node_modules/miniprogram-api-typings": {
      "version": "4.1.0",
      "resolved": "https://registry.npmmirror.com/miniprogram-api-typings/-/miniprogram-api-typings-4.1.0.tgz",
      "integrity": "sha512-4RBsz27nBKyRkVGoNkRaPx24/KeJBw3zaaIlXDR8s/WBh2PbcUAc+q7wLLbp7Qsmb3bLzzUu7tqAti+B06kmjg==",
      "license": "MIT"
    }
  }
}
